
Microsoft Visual Studio Solution File, Format Version 12.00
# Visual Studio Express 15 for Windows Desktop
VisualStudioVersion = 15.0.28307.329
MinimumVisualStudioVersion = 10.0.40219.1
Project("{FAE04EC0-301F-11D3-BF4B-00C04F79EFBC}") = "GitTest", "GitTest\GitTest.csproj", "{15915947-D9A8-4360-B910-309C142A538C}"
EndProject
Global
	GlobalSection(SolutionConfigurationPlatforms) = preSolution
		Debug|Any CPU = Debug|Any CPU
		Release|Any CPU = Release|Any CPU
	EndGlobalSection
	GlobalSection(ProjectConfigurationPlatforms) = postSolution
		{15915947-D9A8-4360-B910-309C142A538C}.Debug|Any CPU.ActiveCfg = Debug|Any CPU
		{15915947-D9A8-4360-B910-309C142A538C}.Debug|Any CPU.Build.0 = Debug|Any CPU
		{15915947-D9A8-4360-B910-309C142A538C}.Release|Any CPU.ActiveCfg = Release|Any CPU
		{15915947-D9A8-4360-B910-309C142A538C}.Release|Any CPU.Build.0 = Release|Any CPU
	EndGlobalSection
	GlobalSection(SolutionProperties) = preSolution
		HideSolutionNode = FALSE
	EndGlobalSection
	GlobalSection(ExtensibilityGlobals) = postSolution
		SolutionGuid = {59ABFB8C-60E8-4D22-B1FD-3D6A7292EA54}
	EndGlobalSection
EndGlobal
